// !$*UTF8*$!
{
	archiveVersion = 1;
	classes = {
	};
	objectVersion = 77;
	objects = {

/* Begin PBXContainerItemProxy section */
		8C85FE3D2D92D728004F2900 /* PBXContainerItemProxy */ = {
			isa = PBXContainerItemProxy;
			containerPortal = 8C85FE242D92D727004F2900 /* Project object */;
			proxyType = 1;
			remoteGlobalIDString = 8C85FE2B2D92D727004F2900;
			remoteInfo = EditWithAIPhoto;
		};
		8C85FE472D92D728004F2900 /* PBXContainerItemProxy */ = {
			isa = PBXContainerItemProxy;
			containerPortal = 8C85FE242D92D727004F2900 /* Project object */;
			proxyType = 1;
			remoteGlobalIDString = 8C85FE2B2D92D727004F2900;
			remoteInfo = EditWithAIPhoto;
		};
/* End PBXContainerItemProxy section */

/* Begin PBXFileReference section */
		8C85FE2C2D92D727004F2900 /* EditWithAIPhoto.app */ = {isa = PBXFileReference; explicitFileType = wrapper.application; includeInIndex = 0; path = EditWithAIPhoto.app; sourceTree = BUILT_PRODUCTS_DIR; };
		8C85FE3C2D92D728004F2900 /* EditWithAIPhotoTests.xctest */ = {isa = PBXFileReference; explicitFileType = wrapper.cfbundle; includeInIndex = 0; path = EditWithAIPhotoTests.xctest; sourceTree = BUILT_PRODUCTS_DIR; };
		8C85FE462D92D728004F2900 /* EditWithAIPhotoUITests.xctest */ = {isa = PBXFileReference; explicitFileType = wrapper.cfbundle; includeInIndex = 0; path = EditWithAIPhotoUITests.xctest; sourceTree = BUILT_PRODUCTS_DIR; };
/* End PBXFileReference section */

/* Begin PBXFileSystemSynchronizedRootGroup section */
		8C85FE2E2D92D727004F2900 /* EditWithAIPhoto */ = {
			isa = PBXFileSystemSynchronizedRootGroup;
			path = EditWithAIPhoto;
			sourceTree = "<group>";
		};
		8C85FE3F2D92D728004F2900 /* EditWithAIPhotoTests */ = {
			isa = PBXFileSystemSynchronizedRootGroup;
			path = EditWithAIPhotoTests;
			sourceTree = "<group>";
		};
		8C85FE492D92D728004F2900 /* EditWithAIPhotoUITests */ = {
			isa = PBXFileSystemSynchronizedRootGroup;
			path = EditWithAIPhotoUITests;
			sourceTree = "<group>";
		};
/* End PBXFileSystemSynchronizedRootGroup section */

/* Begin PBXFrameworksBuildPhase section */
		8C85FE292D92D727004F2900 /* Frameworks */ = {
			isa = PBXFrameworksBuildPhase;
			buildActionMask = 2147483647;
			files = (
			);
			runOnlyForDeploymentPostprocessing = 0;
		};
		8C85FE392D92D728004F2900 /* Frameworks */ = {
			isa = PBXFrameworksBuildPhase;
			buildActionMask = 2147483647;
			files = (
			);
			runOnlyForDeploymentPostprocessing = 0;
		};
		8C85FE432D92D728004F2900 /* Frameworks */ = {
			isa = PBXFrameworksBuildPhase;
			buildActionMask = 2147483647;
			files = (
			);
			runOnlyForDeploymentPostprocessing = 0;
		};
/* End PBXFrameworksBuildPhase section */

/* Begin PBXGroup section */
		8C85FE232D92D727004F2900 = {
			isa = PBXGroup;
			children = (
				8C85FE2E2D92D727004F2900 /* EditWithAIPhoto */,
				8C85FE492D92D728004F2900 /* EditWithAIPhotoUITests */,
				8C85FE2D2D92D727004F2900 /* Products */,
				8C85FE3F2D92D728004F2900 /* EditWithAIPhotoTests */,
			);
			sourceTree = "<group>";
		};
		8C85FE2D2D92D727004F2900 /* Products */ = {
			isa = PBXGroup;
			children = (
				8C85FE2C2D92D727004F2900 /* EditWithAIPhoto.app */,
				8C85FE3C2D92D728004F2900 /* EditWithAIPhotoTests.xctest */,
				8C85FE462D92D728004F2900 /* EditWithAIPhotoUITests.xctest */,
			);
			name = Products;
			sourceTree = "<group>";
		};
/* End PBXGroup section */

/* Begin PBXNativeTarget section */
		8C85FE2B2D92D727004F2900 /* EditWithAIPhoto */ = {
			isa = PBXNativeTarget;
			buildConfigurationList = 8C85FE502D92D728004F2900 /* Build configuration list for PBXNativeTarget "EditWithAIPhoto" */;
			buildPhases = (
				8C85FE282D92D727004F2900 /* Sources */,
				8C85FE292D92D727004F2900 /* Frameworks */,
				8C85FE2A2D92D727004F2900 /* Resources */,
			);
			buildRules = (
			);
			dependencies = (
			);
			fileSystemSynchronizedGroups = (
				8C85FE2E2D92D727004F2900 /* EditWithAIPhoto */,
			);
			name = EditWithAIPhoto;
			packageProductDependencies = (
			);
			productName = EditWithAIPhoto;
			productReference = 8C85FE2C2D92D727004F2900 /* EditWithAIPhoto.app */;
			productType = "com.apple.product-type.application";
		};
		8C85FE3B2D92D728004F2900 /* EditWithAIPhotoTests */ = {
			isa = PBXNativeTarget;
			buildConfigurationList = 8C85FE532D92D728004F2900 /* Build configuration list for PBXNativeTarget "EditWithAIPhotoTests" */;
			buildPhases = (
				8C85FE382D92D728004F2900 /* Sources */,
				8C85FE392D92D728004F2900 /* Frameworks */,
				8C85FE3A2D92D728004F2900 /* Resources */,
			);
			buildRules = (
			);
			dependencies = (
				8C85FE3E2D92D728004F2900 /* PBXTargetDependency */,
			);
			fileSystemSynchronizedGroups = (
				8C85FE3F2D92D728004F2900 /* EditWithAIPhotoTests */,
			);
			name = EditWithAIPhotoTests;
			packageProductDependencies = (
			);
			productName = EditWithAIPhotoTests;
			productReference = 8C85FE3C2D92D728004F2900 /* EditWithAIPhotoTests.xctest */;
			productType = "com.apple.product-type.bundle.unit-test";
		};
		8C85FE452D92D728004F2900 /* EditWithAIPhotoUITests */ = {
			isa = PBXNativeTarget;
			buildConfigurationList = 8C85FE562D92D728004F2900 /* Build configuration list for PBXNativeTarget "EditWithAIPhotoUITests" */;
			buildPhases = (
				8C85FE422D92D728004F2900 /* Sources */,
				8C85FE432D92D728004F2900 /* Frameworks */,
				8C85FE442D92D728004F2900 /* Resources */,
			);
			buildRules = (
			);
			dependencies = (
				8C85FE482D92D728004F2900 /* PBXTargetDependency */,
			);
			fileSystemSynchronizedGroups = (
				8C85FE492D92D728004F2900 /* EditWithAIPhotoUITests */,
			);
			name = EditWithAIPhotoUITests;
			packageProductDependencies = (
			);
			productName = EditWithAIPhotoUITests;
			productReference = 8C85FE462D92D728004F2900 /* EditWithAIPhotoUITests.xctest */;
			productType = "com.apple.product-type.bundle.ui-testing";
		};
/* End PBXNativeTarget section */

/* Begin PBXProject section */
		8C85FE242D92D727004F2900 /* Project object */ = {
			isa = PBXProject;
			attributes = {
				BuildIndependentTargetsInParallel = 1;
				LastSwiftUpdateCheck = 1620;
				LastUpgradeCheck = 1620;
				TargetAttributes = {
					8C85FE2B2D92D727004F2900 = {
						CreatedOnToolsVersion = 16.2;
					};
					8C85FE3B2D92D728004F2900 = {
						CreatedOnToolsVersion = 16.2;
						TestTargetID = 8C85FE2B2D92D727004F2900;
					};
					8C85FE452D92D728004F2900 = {
						CreatedOnToolsVersion = 16.2;
						TestTargetID = 8C85FE2B2D92D727004F2900;
					};
				};
			};
			buildConfigurationList = 8C85FE272D92D727004F2900 /* Build configuration list for PBXProject "EditWithAIPhoto" */;
			developmentRegion = en;
			hasScannedForEncodings = 0;
			knownRegions = (
				en,
				Base,
			);
			mainGroup = 8C85FE232D92D727004F2900;
			minimizedProjectReferenceProxies = 1;
			preferredProjectObjectVersion = 77;
			productRefGroup = 8C85FE2D2D92D727004F2900 /* Products */;
			projectDirPath = "";
			projectRoot = "";
			targets = (
				8C85FE2B2D92D727004F2900 /* EditWithAIPhoto */,
				8C85FE3B2D92D728004F2900 /* EditWithAIPhotoTests */,
				8C85FE452D92D728004F2900 /* EditWithAIPhotoUITests */,
			);
		};
/* End PBXProject section */

/* Begin PBXResourcesBuildPhase section */
		8C85FE2A2D92D727004F2900 /* Resources */ = {
			isa = PBXResourcesBuildPhase;
			buildActionMask = 2147483647;
			files = (
			);
			runOnlyForDeploymentPostprocessing = 0;
		};
		8C85FE3A2D92D728004F2900 /* Resources */ = {
			isa = PBXResourcesBuildPhase;
			buildActionMask = 2147483647;
			files = (
			);
			runOnlyForDeploymentPostprocessing = 0;
		};
		8C85FE442D92D728004F2900 /* Resources */ = {
			isa = PBXResourcesBuildPhase;
			buildActionMask = 2147483647;
			files = (
			);
			runOnlyForDeploymentPostprocessing = 0;
		};
/* End PBXResourcesBuildPhase section */

/* Begin PBXSourcesBuildPhase section */
		8C85FE282D92D727004F2900 /* Sources */ = {
			isa = PBXSourcesBuildPhase;
			buildActionMask = 2147483647;
			files = (
			);
			runOnlyForDeploymentPostprocessing = 0;
		};
		8C85FE382D92D728004F2900 /* Sources */ = {
			isa = PBXSourcesBuildPhase;
			buildActionMask = 2147483647;
			files = (
			);
			runOnlyForDeploymentPostprocessing = 0;
		};
		8C85FE422D92D728004F2900 /* Sources */ = {
			isa = PBXSourcesBuildPhase;
			buildActionMask = 2147483647;
			files = (
			);
			runOnlyForDeploymentPostprocessing = 0;
		};
/* End PBXSourcesBuildPhase section */

/* Begin PBXTargetDependency section */
		8C85FE3E2D92D728004F2900 /* PBXTargetDependency */ = {
			isa = PBXTargetDependency;
			target = 8C85FE2B2D92D727004F2900 /* EditWithAIPhoto */;
			targetProxy = 8C85FE3D2D92D728004F2900 /* PBXContainerItemProxy */;
		};
		8C85FE482D92D728004F2900 /* PBXTargetDependency */ = {
			isa = PBXTargetDependency;
			target = 8C85FE2B2D92D727004F2900 /* EditWithAIPhoto */;
			targetProxy = 8C85FE472D92D728004F2900 /* PBXContainerItemProxy */;
		};
/* End PBXTargetDependency section */

/* Begin XCBuildConfiguration section */
		8C85FE4E2D92D728004F2900 /* Debug */ = {
			isa = XCBuildConfiguration;
			buildSettings = {
				ALWAYS_SEARCH_USER_PATHS = NO;
				ASSETCATALOG_COMPILER_GENERATE_SWIFT_ASSET_SYMBOL_EXTENSIONS = YES;
				CLANG_ANALYZER_NONNULL = YES;
				CLANG_ANALYZER_NUMBER_OBJECT_CONVERSION = YES_AGGRESSIVE;
				CLANG_CXX_LANGUAGE_STANDARD = "gnu++20";
				CLANG_ENABLE_MODULES = YES;
				CLANG_ENABLE_OBJC_ARC = YES;
				CLANG_ENABLE_OBJC_WEAK = YES;
				CLANG_WARN_BLOCK_CAPTURE_AUTORELEASING = YES;
				CLANG_WARN_BOOL_CONVERSION = YES;
				CLANG_WARN_COMMA = YES;
				CLANG_WARN_CONSTANT_CONVERSION = YES;
				CLANG_WARN_DEPRECATED_OBJC_IMPLEMENTATIONS = YES;
				CLANG_WARN_DIRECT_OBJC_ISA_USAGE = YES_ERROR;
				CLANG_WARN_DOCUMENTATION_COMMENTS = YES;
				CLANG_WARN_EMPTY_BODY = YES;
				CLANG_WARN_ENUM_CONVERSION = YES;
				CLANG_WARN_INFINITE_RECURSION = YES;
				CLANG_WARN_INT_CONVERSION = YES;
				CLANG_WARN_NON_LITERAL_NULL_CONVERSION = YES;
				CLANG_WARN_OBJC_IMPLICIT_RETAIN_SELF = YES;
				CLANG_WARN_OBJC_LITERAL_CONVERSION = YES;
				CLANG_WARN_OBJC_ROOT_CLASS = YES_ERROR;
				CLANG_WARN_QUOTED_INCLUDE_IN_FRAMEWORK_HEADER = YES;
				CLANG_WARN_RANGE_LOOP_ANALYSIS = YES;
				CLANG_WARN_STRICT_PROTOTYPES = YES;
				CLANG_WARN_SUSPICIOUS_MOVE = YES;
				CLANG_WARN_UNGUARDED_AVAILABILITY = YES_AGGRESSIVE;
				CLANG_WARN_UNREACHABLE_CODE = YES;
				CLANG_WARN__DUPLICATE_METHOD_MATCH = YES;
				COPY_PHASE_STRIP = NO;
				DEBUG_INFORMATION_FORMAT = dwarf;
				ENABLE_STRICT_OBJC_MSGSEND = YES;
				ENABLE_TESTABILITY = YES;
				ENABLE_USER_SCRIPT_SANDBOXING = YES;
				GCC_C_LANGUAGE_STANDARD = gnu17;
				GCC_DYNAMIC_NO_PIC = NO;
				GCC_NO_COMMON_BLOCKS = YES;
				GCC_OPTIMIZATION_LEVEL = 0;
				GCC_PREPROCESSOR_DEFINITIONS = (
					"DEBUG=1",
					"$(inherited)",
				);
				GCC_WARN_64_TO_32_BIT_CONVERSION = YES;
				GCC_WARN_ABOUT_RETURN_TYPE = YES_ERROR;
				GCC_WARN_UNDECLARED_SELECTOR = YES;
				GCC_WARN_UNINITIALIZED_AUTOS = YES_AGGRESSIVE;
				GCC_WARN_UNUSED_FUNCTION = YES;
				GCC_WARN_UNUSED_VARIABLE = YES;
				IPHONEOS_DEPLOYMENT_TARGET = 18.2;
				LOCALIZATION_PREFERS_STRING_CATALOGS = YES;
				MTL_ENABLE_DEBUG_INFO = INCLUDE_SOURCE;
				MTL_FAST_MATH = YES;
				ONLY_ACTIVE_ARCH = YES;
				SDKROOT = iphoneos;
				SWIFT_ACTIVE_COMPILATION_CONDITIONS = "DEBUG $(inherited)";
				SWIFT_OPTIMIZATION_LEVEL = "-Onone";
			};
			name = Debug;
		};
		8C85FE4F2D92D728004F2900 /* Release */ = {
			isa = XCBuildConfiguration;
			buildSettings = {
				ALWAYS_SEARCH_USER_PATHS = NO;
				ASSETCATALOG_COMPILER_GENERATE_SWIFT_ASSET_SYMBOL_EXTENSIONS = YES;
				CLANG_ANALYZER_NONNULL = YES;
				CLANG_ANALYZER_NUMBER_OBJECT_CONVERSION = YES_AGGRESSIVE;
				CLANG_CXX_LANGUAGE_STANDARD = "gnu++20";
				CLANG_ENABLE_MODULES = YES;
				CLANG_ENABLE_OBJC_ARC = YES;
				CLANG_ENABLE_OBJC_WEAK = YES;
				CLANG_WARN_BLOCK_CAPTURE_AUTORELEASING = YES;
				CLANG_WARN_BOOL_CONVERSION = YES;
				CLANG_WARN_COMMA = YES;
				CLANG_WARN_CONSTANT_CONVERSION = YES;
				CLANG_WARN_DEPRECATED_OBJC_IMPLEMENTATIONS = YES;
				CLANG_WARN_DIRECT_OBJC_ISA_USAGE = YES_ERROR;
				CLANG_WARN_DOCUMENTATION_COMMENTS = YES;
				CLANG_WARN_EMPTY_BODY = YES;
				CLANG_WARN_ENUM_CONVERSION = YES;
				CLANG_WARN_INFINITE_RECURSION = YES;
				CLANG_WARN_INT_CONVERSION = YES;
				CLANG_WARN_NON_LITERAL_NULL_CONVERSION = YES;
				CLANG_WARN_OBJC_IMPLICIT_RETAIN_SELF = YES;
				CLANG_WARN_OBJC_LITERAL_CONVERSION = YES;
				CLANG_WARN_OBJC_ROOT_CLASS = YES_ERROR;
				CLANG_WARN_QUOTED_INCLUDE_IN_FRAMEWORK_HEADER = YES;
				CLANG_WARN_RANGE_LOOP_ANALYSIS = YES;
				CLANG_WARN_STRICT_PROTOTYPES = YES;
				CLANG_WARN_SUSPICIOUS_MOVE = YES;
				CLANG_WARN_UNGUARDED_AVAILABILITY = YES_AGGRESSIVE;
				CLANG_WARN_UNREACHABLE_CODE = YES;
				CLANG_WARN__DUPLICATE_METHOD_MATCH = YES;
				COPY_PHASE_STRIP = NO;
				DEBUG_INFORMATION_FORMAT = "dwarf-with-dsym";
				ENABLE_NS_ASSERTIONS = NO;
				ENABLE_STRICT_OBJC_MSGSEND = YES;
				ENABLE_USER_SCRIPT_SANDBOXING = YES;
				GCC_C_LANGUAGE_STANDARD = gnu17;
				GCC_NO_COMMON_BLOCKS = YES;
				GCC_WARN_64_TO_32_BIT_CONVERSION = YES;
				GCC_WARN_ABOUT_RETURN_TYPE = YES_ERROR;
				GCC_WARN_UNDECLARED_SELECTOR = YES;
				GCC_WARN_UNINITIALIZED_AUTOS = YES_AGGRESSIVE;
				GCC_WARN_UNUSED_FUNCTION = YES;
				GCC_WARN_UNUSED_VARIABLE = YES;
				IPHONEOS_DEPLOYMENT_TARGET = 18.2;
				LOCALIZATION_PREFERS_STRING_CATALOGS = YES;
				MTL_ENABLE_DEBUG_INFO = NO;
				MTL_FAST_MATH = YES;
				SDKROOT = iphoneos;
				SWIFT_COMPILATION_MODE = wholemodule;
				VALIDATE_PRODUCT = YES;
			};
			name = Release;
		};
		8C85FE512D92D728004F2900 /* Debug */ = {
			isa = XCBuildConfiguration;
			buildSettings = {
				ASSETCATALOG_COMPILER_APPICON_NAME = AppIcon;
				ASSETCATALOG_COMPILER_GLOBAL_ACCENT_COLOR_NAME = AccentColor;
				CODE_SIGN_STYLE = Automatic;
				CURRENT_PROJECT_VERSION = 1;
				DEVELOPMENT_ASSET_PATHS = "\"EditWithAIPhoto/Preview Content\"";
				DEVELOPMENT_TEAM = 52WX983L5S;
				ENABLE_PREVIEWS = YES;
				GENERATE_INFOPLIST_FILE = YES;
				INFOPLIST_KEY_NSPhotoLibraryUsageDescription = "Usage is neceserry";
				INFOPLIST_KEY_UIApplicationSceneManifest_Generation = YES;
				INFOPLIST_KEY_UIApplicationSupportsIndirectInputEvents = YES;
				INFOPLIST_KEY_UILaunchScreen_Generation = YES;
				INFOPLIST_KEY_UISupportedInterfaceOrientations_iPad = "UIInterfaceOrientationPortrait UIInterfaceOrientationPortraitUpsideDown UIInterfaceOrientationLandscapeLeft UIInterfaceOrientationLandscapeRight";
				INFOPLIST_KEY_UISupportedInterfaceOrientations_iPhone = "UIInterfaceOrientationPortrait UIInterfaceOrientationLandscapeLeft UIInterfaceOrientationLandscapeRight";
				LD_RUNPATH_SEARCH_PATHS = (
					"$(inherited)",
					"@executable_path/Frameworks",
				);
				MARKETING_VERSION = 1.0;
				PRODUCT_BUNDLE_IDENTIFIER = kaansengun.EditWithAIPhoto;
				PRODUCT_NAME = "$(TARGET_NAME)";
				SWIFT_EMIT_LOC_STRINGS = YES;
				SWIFT_VERSION = 5.0;
				TARGETED_DEVICE_FAMILY = "1,2";
			};
			name = Debug;
		};
		8C85FE522D92D728004F2900 /* Release */ = {
			isa = XCBuildConfiguration;
			buildSettings = {
				ASSETCATALOG_COMPILER_APPICON_NAME = AppIcon;
				ASSETCATALOG_COMPILER_GLOBAL_ACCENT_COLOR_NAME = AccentColor;
				CODE_SIGN_STYLE = Automatic;
				CURRENT_PROJECT_VERSION = 1;
				DEVELOPMENT_ASSET_PATHS = "\"EditWithAIPhoto/Preview Content\"";
				DEVELOPMENT_TEAM = 52WX983L5S;
				ENABLE_PREVIEWS = YES;
				GENERATE_INFOPLIST_FILE = YES;
				INFOPLIST_KEY_NSPhotoLibraryUsageDescription = "Usage is neceserry";
				INFOPLIST_KEY_UIApplicationSceneManifest_Generation = YES;
				INFOPLIST_KEY_UIApplicationSupportsIndirectInputEvents = YES;
				INFOPLIST_KEY_UILaunchScreen_Generation = YES;
				INFOPLIST_KEY_UISupportedInterfaceOrientations_iPad = "UIInterfaceOrientationPortrait UIInterfaceOrientationPortraitUpsideDown UIInterfaceOrientationLandscapeLeft UIInterfaceOrientationLandscapeRight";
				INFOPLIST_KEY_UISupportedInterfaceOrientations_iPhone = "UIInterfaceOrientationPortrait UIInterfaceOrientationLandscapeLeft UIInterfaceOrientationLandscapeRight";
				LD_RUNPATH_SEARCH_PATHS = (
					"$(inherited)",
					"@executable_path/Frameworks",
				);
				MARKETING_VERSION = 1.0;
				PRODUCT_BUNDLE_IDENTIFIER = kaansengun.EditWithAIPhoto;
				PRODUCT_NAME = "$(TARGET_NAME)";
				SWIFT_EMIT_LOC_STRINGS = YES;
				SWIFT_VERSION = 5.0;
				TARGETED_DEVICE_FAMILY = "1,2";
			};
			name = Release;
		};
		8C85FE542D92D728004F2900 /* Debug */ = {
			isa = XCBuildConfiguration;
			buildSettings = {
				BUNDLE_LOADER = "$(TEST_HOST)";
				CODE_SIGN_STYLE = Automatic;
				CURRENT_PROJECT_VERSION = 1;
				DEVELOPMENT_TEAM = 52WX983L5S;
				GENERATE_INFOPLIST_FILE = YES;
				IPHONEOS_DEPLOYMENT_TARGET = 18.2;
				MARKETING_VERSION = 1.0;
				PRODUCT_BUNDLE_IDENTIFIER = kaansengun.EditWithAIPhotoTests;
				PRODUCT_NAME = "$(TARGET_NAME)";
				SWIFT_EMIT_LOC_STRINGS = NO;
				SWIFT_VERSION = 5.0;
				TARGETED_DEVICE_FAMILY = "1,2";
				TEST_HOST = "$(BUILT_PRODUCTS_DIR)/EditWithAIPhoto.app/$(BUNDLE_EXECUTABLE_FOLDER_PATH)/EditWithAIPhoto";
			};
			name = Debug;
		};
		8C85FE552D92D728004F2900 /* Release */ = {
			isa = XCBuildConfiguration;
			buildSettings = {
				BUNDLE_LOADER = "$(TEST_HOST)";
				CODE_SIGN_STYLE = Automatic;
				CURRENT_PROJECT_VERSION = 1;
				DEVELOPMENT_TEAM = 52WX983L5S;
				GENERATE_INFOPLIST_FILE = YES;
				IPHONEOS_DEPLOYMENT_TARGET = 18.2;
				MARKETING_VERSION = 1.0;
				PRODUCT_BUNDLE_IDENTIFIER = kaansengun.EditWithAIPhotoTests;
				PRODUCT_NAME = "$(TARGET_NAME)";
				SWIFT_EMIT_LOC_STRINGS = NO;
				SWIFT_VERSION = 5.0;
				TARGETED_DEVICE_FAMILY = "1,2";
				TEST_HOST = "$(BUILT_PRODUCTS_DIR)/EditWithAIPhoto.app/$(BUNDLE_EXECUTABLE_FOLDER_PATH)/EditWithAIPhoto";
			};
			name = Release;
		};
		8C85FE572D92D728004F2900 /* Debug */ = {
			isa = XCBuildConfiguration;
			buildSettings = {
				CODE_SIGN_STYLE = Automatic;
				CURRENT_PROJECT_VERSION = 1;
				DEVELOPMENT_TEAM = 52WX983L5S;
				GENERATE_INFOPLIST_FILE = YES;
				MARKETING_VERSION = 1.0;
				PRODUCT_BUNDLE_IDENTIFIER = kaansengun.EditWithAIPhotoUITests;
				PRODUCT_NAME = "$(TARGET_NAME)";
				SWIFT_EMIT_LOC_STRINGS = NO;
				SWIFT_VERSION = 5.0;
				TARGETED_DEVICE_FAMILY = "1,2";
				TEST_TARGET_NAME = EditWithAIPhoto;
			};
			name = Debug;
		};
		8C85FE582D92D728004F2900 /* Release */ = {
			isa = XCBuildConfiguration;
			buildSettings = {
				CODE_SIGN_STYLE = Automatic;
				CURRENT_PROJECT_VERSION = 1;
				DEVELOPMENT_TEAM = 52WX983L5S;
				GENERATE_INFOPLIST_FILE = YES;
				MARKETING_VERSION = 1.0;
				PRODUCT_BUNDLE_IDENTIFIER = kaansengun.EditWithAIPhotoUITests;
				PRODUCT_NAME = "$(TARGET_NAME)";
				SWIFT_EMIT_LOC_STRINGS = NO;
				SWIFT_VERSION = 5.0;
				TARGETED_DEVICE_FAMILY = "1,2";
				TEST_TARGET_NAME = EditWithAIPhoto;
			};
			name = Release;
		};
/* End XCBuildConfiguration section */

/* Begin XCConfigurationList section */
		8C85FE272D92D727004F2900 /* Build configuration list for PBXProject "EditWithAIPhoto" */ = {
			isa = XCConfigurationList;
			buildConfigurations = (
				8C85FE4E2D92D728004F2900 /* Debug */,
				8C85FE4F2D92D728004F2900 /* Release */,
			);
			defaultConfigurationIsVisible = 0;
			defaultConfigurationName = Release;
		};
		8C85FE502D92D728004F2900 /* Build configuration list for PBXNativeTarget "EditWithAIPhoto" */ = {
			isa = XCConfigurationList;
			buildConfigurations = (
				8C85FE512D92D728004F2900 /* Debug */,
				8C85FE522D92D728004F2900 /* Release */,
			);
			defaultConfigurationIsVisible = 0;
			defaultConfigurationName = Release;
		};
		8C85FE532D92D728004F2900 /* Build configuration list for PBXNativeTarget "EditWithAIPhotoTests" */ = {
			isa = XCConfigurationList;
			buildConfigurations = (
				8C85FE542D92D728004F2900 /* Debug */,
				8C85FE552D92D728004F2900 /* Release */,
			);
			defaultConfigurationIsVisible = 0;
			defaultConfigurationName = Release;
		};
		8C85FE562D92D728004F2900 /* Build configuration list for PBXNativeTarget "EditWithAIPhotoUITests" */ = {
			isa = XCConfigurationList;
			buildConfigurations = (
				8C85FE572D92D728004F2900 /* Debug */,
				8C85FE582D92D728004F2900 /* Release */,
			);
			defaultConfigurationIsVisible = 0;
			defaultConfigurationName = Release;
		};
/* End XCConfigurationList section */
	};
	rootObject = 8C85FE242D92D727004F2900 /* Project object */;
}
